<?xml version="1.0" encoding="utf-8"?>
<Project ToolsVersion="4.0" xmlns="http://schemas.microsoft.com/developer/msbuild/2003">
  <ItemGroup>
    <Filter Include="Source Files">
      <UniqueIdentifier>{4FC737F1-C7A5-4376-A066-2A32D752A2FF}</UniqueIdentifier>
      <Extensions>cpp;c;cc;cxx;c++;cppm;ixx;def;odl;idl;hpj;bat;asm;asmx</Extensions>
    </Filter>
    <Filter Include="Header Files">
      <UniqueIdentifier>{93995380-89BD-4b04-88EB-625FBE52EBFB}</UniqueIdentifier>
      <Extensions>h;hh;hpp;hxx;h++;hm;inl;inc;ipp;xsd</Extensions>
    </Filter>
    <Filter Include="Resource Files">
      <UniqueIdentifier>{67DA6AB6-F800-4c08-8B7A-83BB121AAD01}</UniqueIdentifier>
      <Extensions>rc;ico;cur;bmp;dlg;rc2;rct;bin;rgs;gif;jpg;jpeg;jpe;resx;tiff;tif;png;wav;mfcribbon-ms</Extensions>
    </Filter>
    <Filter Include="Header Files\Class Headers">
      <UniqueIdentifier>{7897e8c1-f86a-40d4-986e-f028597be07d}</UniqueIdentifier>
    </Filter>
    <Filter Include="Source Files\Class Sources">
      <UniqueIdentifier>{b2209b6b-eb14-4415-a5d5-574f46872150}</UniqueIdentifier>
    </Filter>
    <Filter Include="Header Files\Helpers">
      <UniqueIdentifier>{cda4e549-27f9-46eb-a50d-be3fc9e414cc}</UniqueIdentifier>
    </Filter>
  </ItemGroup>
  <ItemGroup>
    <ClInclude Include="Demo.h">
      <Filter>Header Files</Filter>
    </ClInclude>
    <ClInclude Include="Application.h">
      <Filter>Header Files\Class Headers</Filter>
    </ClInclude>
    <ClInclude Include="CommandQueue.h">
      <Filter>Header Files\Class Headers</Filter>
    </ClInclude>
    <ClInclude Include="Game.h">
      <Filter>Header Files\Class Headers</Filter>
    </ClInclude>
    <ClInclude Include="Window.h">
      <Filter>Header Files\Class Headers</Filter>
    </ClInclude>
    <ClInclude Include="Events.h">
      <Filter>Header Files\Helpers</Filter>
    </ClInclude>
    <ClInclude Include="framework.h">
      <Filter>Header Files\Helpers</Filter>
    </ClInclude>
    <ClInclude Include="Helpers.h">
      <Filter>Header Files\Helpers</Filter>
    </ClInclude>
    <ClInclude Include="HighResolutionClock.h">
      <Filter>Header Files\Class Headers</Filter>
    </ClInclude>
    <ClInclude Include="KeyCodes.h">
      <Filter>Header Files\Helpers</Filter>
    </ClInclude>
    <ClInclude Include="UploadBuffer.h">
      <Filter>Header Files\Class Headers</Filter>
    </ClInclude>
    <ClInclude Include="DescriptorAllocator.h">
      <Filter>Header Files\Class Headers</Filter>
    </ClInclude>
    <ClInclude Include="DescriptorAllocation.h">
      <Filter>Header Files\Class Headers</Filter>
    </ClInclude>
    <ClInclude Include="DescriptorAllocatorPage.h">
      <Filter>Header Files\Class Headers</Filter>
    </ClInclude>
    <ClInclude Include="DynamicDescriptorHeap.h">
      <Filter>Header Files\Class Headers</Filter>
    </ClInclude>
    <ClInclude Include="RootSignature.h">
      <Filter>Header Files\Class Headers</Filter>
    </ClInclude>
    <ClInclude Include="CommandList.h">
      <Filter>Header Files\Class Headers</Filter>
    </ClInclude>
    <ClInclude Include="ResourceStateTracker.h">
      <Filter>Header Files\Class Headers</Filter>
    </ClInclude>
    <ClInclude Include="Buffer.h">
      <Filter>Header Files\Class Headers</Filter>
    </ClInclude>
    <ClInclude Include="Resource.h">
      <Filter>Header Files\Class Headers</Filter>
    </ClInclude>
    <ClInclude Include="ByteAddressBuffer.h">
      <Filter>Header Files\Class Headers</Filter>
    </ClInclude>
    <ClInclude Include="ConstantBuffer.h">
      <Filter>Header Files\Class Headers</Filter>
    </ClInclude>
    <ClInclude Include="GenerateMipsPSO.h">
      <Filter>Header Files\Class Headers</Filter>
    </ClInclude>
    <ClInclude Include="IndexBuffer.h">
      <Filter>Header Files\Class Headers</Filter>
    </ClInclude>
    <ClInclude Include="PanoToCubemapPSO.h">
      <Filter>Header Files\Class Headers</Filter>
    </ClInclude>
    <ClInclude Include="ThreadSafeQueue.h">
      <Filter>Header Files\Class Headers</Filter>
    </ClInclude>
    <ClInclude Include="RenderTarget.h">
      <Filter>Header Files\Class Headers</Filter>
    </ClInclude>
    <ClInclude Include="Texture.h">
      <Filter>Header Files\Class Headers</Filter>
    </ClInclude>
    <ClInclude Include="TextureUsage.h">
      <Filter>Header Files\Class Headers</Filter>
    </ClInclude>
    <ClInclude Include="StructuredBuffer.h">
      <Filter>Header Files\Class Headers</Filter>
    </ClInclude>
    <ClInclude Include="VertexBuffer.h">
      <Filter>Header Files\Class Headers</Filter>
    </ClInclude>
    <ClInclude Include="Defines.h">
      <Filter>Header Files\Helpers</Filter>
    </ClInclude>
    <ClInclude Include="Mesh.h">
      <Filter>Header Files\Class Headers</Filter>
    </ClInclude>
    <ClInclude Include="Camera.h">
      <Filter>Header Files</Filter>
    </ClInclude>
    <ClInclude Include="Light.h">
      <Filter>Header Files</Filter>
    </ClInclude>
    <ClInclude Include="Material.h">
      <Filter>Header Files</Filter>
    </ClInclude>
    <ClInclude Include="Adapter.h">
      <Filter>Header Files\Class Headers</Filter>
    </ClInclude>
    <ClInclude Include="Device.h">
      <Filter>Header Files\Class Headers</Filter>
    </ClInclude>
    <ClInclude Include="ConstantBufferView.h">
      <Filter>Header Files\Class Headers</Filter>
    </ClInclude>
    <ClInclude Include="PipelineStateObject.h">
      <Filter>Header Files\Class Headers</Filter>
    </ClInclude>
    <ClInclude Include="ShaderResourceView.h">
      <Filter>Header Files\Class Headers</Filter>
    </ClInclude>
    <ClInclude Include="SwapChain.h">
      <Filter>Header Files</Filter>
    </ClInclude>
  </ItemGroup>
  <ItemGroup>
    <ClCompile Include="Main.cpp">
      <Filter>Source Files</Filter>
    </ClCompile>
    <ClCompile Include="Demo.cpp">
      <Filter>Source Files</Filter>
    </ClCompile>
    <ClCompile Include="Application.cpp">
      <Filter>Source Files\Class Sources</Filter>
    </ClCompile>
    <ClCompile Include="CommandQueue.cpp">
      <Filter>Source Files\Class Sources</Filter>
    </ClCompile>
    <ClCompile Include="Game.cpp">
      <Filter>Source Files\Class Sources</Filter>
    </ClCompile>
    <ClCompile Include="Window.cpp">
      <Filter>Source Files\Class Sources</Filter>
    </ClCompile>
    <ClCompile Include="HighResolutionClock.cpp">
      <Filter>Source Files\Class Sources</Filter>
    </ClCompile>
    <ClCompile Include="UploadBuffer.cpp">
      <Filter>Source Files\Class Sources</Filter>
    </ClCompile>
    <ClCompile Include="DescriptorAllocator.cpp">
      <Filter>Source Files\Class Sources</Filter>
    </ClCompile>
    <ClCompile Include="DescriptorAllocatorPage.cpp">
      <Filter>Source Files\Class Sources</Filter>
    </ClCompile>
    <ClCompile Include="DescriptorAllocation.cpp">
      <Filter>Source Files\Class Sources</Filter>
    </ClCompile>
    <ClCompile Include="RootSignature.cpp">
      <Filter>Source Files\Class Sources</Filter>
    </ClCompile>
    <ClCompile Include="DynamicDescriptorHeap.cpp">
      <Filter>Source Files\Class Sources</Filter>
    </ClCompile>
    <ClCompile Include="ResourceStateTracker.cpp">
      <Filter>Source Files\Class Sources</Filter>
    </ClCompile>
    <ClCompile Include="CommandList.cpp">
      <Filter>Source Files\Class Sources</Filter>
    </ClCompile>
    <ClCompile Include="Resource.cpp">
      <Filter>Source Files\Class Sources</Filter>
    </ClCompile>
    <ClCompile Include="Buffer.cpp">
      <Filter>Source Files\Class Sources</Filter>
    </ClCompile>
    <ClCompile Include="ByteAddressBuffer.cpp">
      <Filter>Source Files\Class Sources</Filter>
    </ClCompile>
    <ClCompile Include="ConstantBuffer.cpp">
      <Filter>Source Files\Class Sources</Filter>
    </ClCompile>
    <ClCompile Include="GenerateMipsPSO.cpp">
      <Filter>Source Files\Class Sources</Filter>
    </ClCompile>
    <ClCompile Include="IndexBuffer.cpp">
      <Filter>Source Files\Class Sources</Filter>
    </ClCompile>
    <ClCompile Include="PanoToCubemapPSO.cpp">
      <Filter>Source Files\Class Sources</Filter>
    </ClCompile>
    <ClCompile Include="Texture.cpp">
      <Filter>Source Files\Class Sources</Filter>
    </ClCompile>
    <ClCompile Include="RenderTarget.cpp">
      <Filter>Source Files\Class Sources</Filter>
    </ClCompile>
    <ClCompile Include="StructuredBuffer.cpp">
      <Filter>Source Files\Class Sources</Filter>
    </ClCompile>
    <ClCompile Include="VertexBuffer.cpp">
      <Filter>Source Files\Class Sources</Filter>
    </ClCompile>
    <ClCompile Include="Mesh.cpp">
      <Filter>Source Files\Class Sources</Filter>
    </ClCompile>
    <ClCompile Include="Camera.cpp">
      <Filter>Source Files</Filter>
    </ClCompile>
    <ClCompile Include="Light.cpp">
      <Filter>Source Files</Filter>
    </ClCompile>
    <ClCompile Include="Material.cpp">
      <Filter>Source Files</Filter>
    </ClCompile>
    <ClCompile Include="framework.cpp">
      <Filter>Source Files\Class Sources</Filter>
    </ClCompile>
    <ClCompile Include="Adapter.cpp">
      <Filter>Source Files\Class Sources</Filter>
    </ClCompile>
    <ClCompile Include="Device.cpp">
      <Filter>Source Files\Class Sources</Filter>
    </ClCompile>
  </ItemGroup>
  <ItemGroup>
    <ResourceCompile Include="LearningAttempt2.rc">
      <Filter>Resource Files</Filter>
    </ResourceCompile>
  </ItemGroup>
  <ItemGroup>
    <Image Include="small.ico">
      <Filter>Resource Files</Filter>
    </Image>
    <Image Include="LearningAttempt2.ico">
      <Filter>Resource Files</Filter>
    </Image>
  </ItemGroup>
  <ItemGroup>
    <PackageLayout Include="vcpkg.json" />
  </ItemGroup>
  <ItemGroup>
    <FxCompile Include="VertexShader.hlsl">
      <Filter>Source Files</Filter>
    </FxCompile>
    <FxCompile Include="PixelShader.hlsl">
      <Filter>Source Files</Filter>
    </FxCompile>
    <FxCompile Include="GenerateMips_CS.hlsl">
      <Filter>Source Files</Filter>
    </FxCompile>
    <FxCompile Include="PanoToCubemap_CS.hlsl">
      <Filter>Source Files</Filter>
    </FxCompile>
  </ItemGroup>
</Project>